// !$*UTF8*$!
{
	archiveVersion = 1;
	classes = {
	};
	objectVersion = 46;
	objects = {

/* Begin PBXBuildFile section */
		0B60A8FD553CBD42FE2C78E9 /* Pods_PetWorld.framework in Frameworks */ = {isa = PBXBuildFile; fileRef = D9B6E87101CC204FDD0CCA3F /* Pods_PetWorld.framework */; };
		1F15C5341E9C97EC005B828B /* ProfileViewController.swift in Sources */ = {isa = PBXBuildFile; fileRef = 1F15C5331E9C97EC005B828B /* ProfileViewController.swift */; };
		1F15C5361E9C9813005B828B /* HomeViewController.swift in Sources */ = {isa = PBXBuildFile; fileRef = 1F15C5351E9C9813005B828B /* HomeViewController.swift */; };
		1F15C5381E9C98F0005B828B /* SettingsViewController.swift in Sources */ = {isa = PBXBuildFile; fileRef = 1F15C5371E9C98F0005B828B /* SettingsViewController.swift */; };
		1F15C53A1E9EFFC3005B828B /* ProfileView.swift in Sources */ = {isa = PBXBuildFile; fileRef = 1F15C5391E9EFFC3005B828B /* ProfileView.swift */; };
		1F73AAB01E9C937C00A5C1AD /* AppDelegate.swift in Sources */ = {isa = PBXBuildFile; fileRef = 1F73AAAF1E9C937C00A5C1AD /* AppDelegate.swift */; };
		1F73AAB51E9C937C00A5C1AD /* Main.storyboard in Resources */ = {isa = PBXBuildFile; fileRef = 1F73AAB31E9C937C00A5C1AD /* Main.storyboard */; };
		1F73AAB71E9C937C00A5C1AD /* Assets.xcassets in Resources */ = {isa = PBXBuildFile; fileRef = 1F73AAB61E9C937C00A5C1AD /* Assets.xcassets */; };
		1F73AABA1E9C937C00A5C1AD /* LaunchScreen.storyboard in Resources */ = {isa = PBXBuildFile; fileRef = 1F73AAB81E9C937C00A5C1AD /* LaunchScreen.storyboard */; };
		1F73AAC51E9C937D00A5C1AD /* PetWorldTests.swift in Sources */ = {isa = PBXBuildFile; fileRef = 1F73AAC41E9C937D00A5C1AD /* PetWorldTests.swift */; };
		1F73AAD01E9C937D00A5C1AD /* PetWorldUITests.swift in Sources */ = {isa = PBXBuildFile; fileRef = 1F73AACF1E9C937D00A5C1AD /* PetWorldUITests.swift */; };
		1F7D42551ED93B9E00E4B278 /* GalleryViewController.swift in Sources */ = {isa = PBXBuildFile; fileRef = 1F7D42541ED93B9E00E4B278 /* GalleryViewController.swift */; };
		1F7D42571ED93C3400E4B278 /* PhotoCaptureViewController.swift in Sources */ = {isa = PBXBuildFile; fileRef = 1F7D42561ED93C3400E4B278 /* PhotoCaptureViewController.swift */; };
		1F7D42591ED93CAD00E4B278 /* GalleryItemCellCollectionViewCell.swift in Sources */ = {isa = PBXBuildFile; fileRef = 1F7D42581ED93CAD00E4B278 /* GalleryItemCellCollectionViewCell.swift */; };
		1F7D425D1ED9F15E00E4B278 /* VerifyPhotoViewController.swift in Sources */ = {isa = PBXBuildFile; fileRef = 1F7D425C1ED9F15E00E4B278 /* VerifyPhotoViewController.swift */; };
		1F9FEFA01ECA02D80009CC06 /* Pet.swift in Sources */ = {isa = PBXBuildFile; fileRef = 1F9FEF9F1ECA02D80009CC06 /* Pet.swift */; };
		1FB386E11EA5BED400FBEB8E /* Podfile in Resources */ = {isa = PBXBuildFile; fileRef = 1FB386E01EA5BED400FBEB8E /* Podfile */; };
		1FB386E31EA5C44000FBEB8E /* LoginViewController.swift in Sources */ = {isa = PBXBuildFile; fileRef = 1FB386E21EA5C44000FBEB8E /* LoginViewController.swift */; };
		1FB386E51EA5CEEE00FBEB8E /* SignUpViewController.swift in Sources */ = {isa = PBXBuildFile; fileRef = 1FB386E41EA5CEEE00FBEB8E /* SignUpViewController.swift */; };
		33751ECB1ED937AC00E60E34 /* FriendsViewController.swift in Sources */ = {isa = PBXBuildFile; fileRef = 33751ECA1ED937AC00E60E34 /* FriendsViewController.swift */; };
		33751ECE1ED95BAB00E60E34 /* MyFriendsViewController.swift in Sources */ = {isa = PBXBuildFile; fileRef = 33751ECD1ED95BAB00E60E34 /* MyFriendsViewController.swift */; };
		33751ED01ED95BB800E60E34 /* AddFriendViewController.swift in Sources */ = {isa = PBXBuildFile; fileRef = 33751ECF1ED95BB800E60E34 /* AddFriendViewController.swift */; };
		33751ED21ED9688B00E60E34 /* Friend.swift in Sources */ = {isa = PBXBuildFile; fileRef = 33751ED11ED9688B00E60E34 /* Friend.swift */; };
		33751ED41ED96B3A00E60E34 /* FriendTableViewCell.swift in Sources */ = {isa = PBXBuildFile; fileRef = 33751ED31ED96B3A00E60E34 /* FriendTableViewCell.swift */; };
		33AB426E1ECBB015007B7BB4 /* PostTableViewCell.swift in Sources */ = {isa = PBXBuildFile; fileRef = 33AB426D1ECBB015007B7BB4 /* PostTableViewCell.swift */; };
		33AB42701ECBB031007B7BB4 /* Post.swift in Sources */ = {isa = PBXBuildFile; fileRef = 33AB426F1ECBB031007B7BB4 /* Post.swift */; };
		5E0CF80F1EBE68E70088427A /* PostsViewController.swift in Sources */ = {isa = PBXBuildFile; fileRef = 5E0CF80E1EBE68E70088427A /* PostsViewController.swift */; };
		5E127DDD1ED92EA000BC5C9D /* User.swift in Sources */ = {isa = PBXBuildFile; fileRef = 5E127DDC1ED92EA000BC5C9D /* User.swift */; };
		5E1D58441ED91B970055C09D /* ProfilePictureEditorViewController.swift in Sources */ = {isa = PBXBuildFile; fileRef = 5E1D58431ED91B970055C09D /* ProfilePictureEditorViewController.swift */; };
		5EC637411ED413B7003D67F3 /* PetsTableViewCell.swift in Sources */ = {isa = PBXBuildFile; fileRef = 5EC637401ED413B7003D67F3 /* PetsTableViewCell.swift */; };
/* End PBXBuildFile section */

/* Begin PBXContainerItemProxy section */
		1F73AAC11E9C937D00A5C1AD /* PBXContainerItemProxy */ = {
			isa = PBXContainerItemProxy;
			containerPortal = 1F73AAA41E9C937B00A5C1AD /* Project object */;
			proxyType = 1;
			remoteGlobalIDString = 1F73AAAB1E9C937C00A5C1AD;
			remoteInfo = PetWorld;
		};
		1F73AACC1E9C937D00A5C1AD /* PBXContainerItemProxy */ = {
			isa = PBXContainerItemProxy;
			containerPortal = 1F73AAA41E9C937B00A5C1AD /* Project object */;
			proxyType = 1;
			remoteGlobalIDString = 1F73AAAB1E9C937C00A5C1AD;
			remoteInfo = PetWorld;
		};
/* End PBXContainerItemProxy section */

/* Begin PBXFileReference section */
		1F15C5331E9C97EC005B828B /* ProfileViewController.swift */ = {isa = PBXFileReference; fileEncoding = 4; lastKnownFileType = sourcecode.swift; path = ProfileViewController.swift; sourceTree = "<group>"; };
		1F15C5351E9C9813005B828B /* HomeViewController.swift */ = {isa = PBXFileReference; fileEncoding = 4; lastKnownFileType = sourcecode.swift; path = HomeViewController.swift; sourceTree = "<group>"; };
		1F15C5371E9C98F0005B828B /* SettingsViewController.swift */ = {isa = PBXFileReference; fileEncoding = 4; lastKnownFileType = sourcecode.swift; path = SettingsViewController.swift; sourceTree = "<group>"; };
		1F15C5391E9EFFC3005B828B /* ProfileView.swift */ = {isa = PBXFileReference; fileEncoding = 4; lastKnownFileType = sourcecode.swift; path = ProfileView.swift; sourceTree = "<group>"; };
		1F73AAAC1E9C937C00A5C1AD /* PetWorld.app */ = {isa = PBXFileReference; explicitFileType = wrapper.application; includeInIndex = 0; path = PetWorld.app; sourceTree = BUILT_PRODUCTS_DIR; };
		1F73AAAF1E9C937C00A5C1AD /* AppDelegate.swift */ = {isa = PBXFileReference; lastKnownFileType = sourcecode.swift; path = AppDelegate.swift; sourceTree = "<group>"; };
		1F73AAB41E9C937C00A5C1AD /* Base */ = {isa = PBXFileReference; lastKnownFileType = file.storyboard; name = Base; path = Base.lproj/Main.storyboard; sourceTree = "<group>"; };
		1F73AAB61E9C937C00A5C1AD /* Assets.xcassets */ = {isa = PBXFileReference; lastKnownFileType = folder.assetcatalog; path = Assets.xcassets; sourceTree = "<group>"; };
		1F73AAB91E9C937C00A5C1AD /* Base */ = {isa = PBXFileReference; lastKnownFileType = file.storyboard; name = Base; path = Base.lproj/LaunchScreen.storyboard; sourceTree = "<group>"; };
		1F73AABB1E9C937C00A5C1AD /* Info.plist */ = {isa = PBXFileReference; lastKnownFileType = text.plist.xml; path = Info.plist; sourceTree = "<group>"; };
		1F73AAC01E9C937D00A5C1AD /* PetWorldTests.xctest */ = {isa = PBXFileReference; explicitFileType = wrapper.cfbundle; includeInIndex = 0; path = PetWorldTests.xctest; sourceTree = BUILT_PRODUCTS_DIR; };
		1F73AAC41E9C937D00A5C1AD /* PetWorldTests.swift */ = {isa = PBXFileReference; lastKnownFileType = sourcecode.swift; path = PetWorldTests.swift; sourceTree = "<group>"; };
		1F73AAC61E9C937D00A5C1AD /* Info.plist */ = {isa = PBXFileReference; lastKnownFileType = text.plist.xml; path = Info.plist; sourceTree = "<group>"; };
		1F73AACB1E9C937D00A5C1AD /* PetWorldUITests.xctest */ = {isa = PBXFileReference; explicitFileType = wrapper.cfbundle; includeInIndex = 0; path = PetWorldUITests.xctest; sourceTree = BUILT_PRODUCTS_DIR; };
		1F73AACF1E9C937D00A5C1AD /* PetWorldUITests.swift */ = {isa = PBXFileReference; lastKnownFileType = sourcecode.swift; path = PetWorldUITests.swift; sourceTree = "<group>"; };
		1F73AAD11E9C937D00A5C1AD /* Info.plist */ = {isa = PBXFileReference; lastKnownFileType = text.plist.xml; path = Info.plist; sourceTree = "<group>"; };
		1F7D42541ED93B9E00E4B278 /* GalleryViewController.swift */ = {isa = PBXFileReference; fileEncoding = 4; lastKnownFileType = sourcecode.swift; path = GalleryViewController.swift; sourceTree = "<group>"; };
		1F7D42561ED93C3400E4B278 /* PhotoCaptureViewController.swift */ = {isa = PBXFileReference; fileEncoding = 4; lastKnownFileType = sourcecode.swift; path = PhotoCaptureViewController.swift; sourceTree = "<group>"; };
		1F7D42581ED93CAD00E4B278 /* GalleryItemCellCollectionViewCell.swift */ = {isa = PBXFileReference; fileEncoding = 4; lastKnownFileType = sourcecode.swift; path = GalleryItemCellCollectionViewCell.swift; sourceTree = "<group>"; };
		1F7D425C1ED9F15E00E4B278 /* VerifyPhotoViewController.swift */ = {isa = PBXFileReference; fileEncoding = 4; lastKnownFileType = sourcecode.swift; path = VerifyPhotoViewController.swift; sourceTree = "<group>"; };
		1F9FEF9F1ECA02D80009CC06 /* Pet.swift */ = {isa = PBXFileReference; fileEncoding = 4; lastKnownFileType = sourcecode.swift; path = Pet.swift; sourceTree = "<group>"; };
		1FB386E01EA5BED400FBEB8E /* Podfile */ = {isa = PBXFileReference; fileEncoding = 4; lastKnownFileType = text; path = Podfile; sourceTree = SOURCE_ROOT; xcLanguageSpecificationIdentifier = xcode.lang.ruby; };
		1FB386E21EA5C44000FBEB8E /* LoginViewController.swift */ = {isa = PBXFileReference; fileEncoding = 4; lastKnownFileType = sourcecode.swift; path = LoginViewController.swift; sourceTree = "<group>"; };
		1FB386E41EA5CEEE00FBEB8E /* SignUpViewController.swift */ = {isa = PBXFileReference; fileEncoding = 4; lastKnownFileType = sourcecode.swift; path = SignUpViewController.swift; sourceTree = "<group>"; };
		33751ECA1ED937AC00E60E34 /* FriendsViewController.swift */ = {isa = PBXFileReference; fileEncoding = 4; lastKnownFileType = sourcecode.swift; path = FriendsViewController.swift; sourceTree = "<group>"; };
		33751ECD1ED95BAB00E60E34 /* MyFriendsViewController.swift */ = {isa = PBXFileReference; fileEncoding = 4; lastKnownFileType = sourcecode.swift; path = MyFriendsViewController.swift; sourceTree = "<group>"; };
		33751ECF1ED95BB800E60E34 /* AddFriendViewController.swift */ = {isa = PBXFileReference; fileEncoding = 4; lastKnownFileType = sourcecode.swift; path = AddFriendViewController.swift; sourceTree = "<group>"; };
		33751ED11ED9688B00E60E34 /* Friend.swift */ = {isa = PBXFileReference; fileEncoding = 4; lastKnownFileType = sourcecode.swift; path = Friend.swift; sourceTree = "<group>"; };
		33751ED31ED96B3A00E60E34 /* FriendTableViewCell.swift */ = {isa = PBXFileReference; fileEncoding = 4; lastKnownFileType = sourcecode.swift; path = FriendTableViewCell.swift; sourceTree = "<group>"; };
		33AB426D1ECBB015007B7BB4 /* PostTableViewCell.swift */ = {isa = PBXFileReference; fileEncoding = 4; lastKnownFileType = sourcecode.swift; path = PostTableViewCell.swift; sourceTree = "<group>"; };
		33AB426F1ECBB031007B7BB4 /* Post.swift */ = {isa = PBXFileReference; fileEncoding = 4; lastKnownFileType = sourcecode.swift; path = Post.swift; sourceTree = "<group>"; };
		57FC94EB9F2EA35A528B412B /* Pods-PetWorld.debug.xcconfig */ = {isa = PBXFileReference; includeInIndex = 1; lastKnownFileType = text.xcconfig; name = "Pods-PetWorld.debug.xcconfig"; path = "Pods/Target Support Files/Pods-PetWorld/Pods-PetWorld.debug.xcconfig"; sourceTree = "<group>"; };
		5E0CF80E1EBE68E70088427A /* PostsViewController.swift */ = {isa = PBXFileReference; fileEncoding = 4; lastKnownFileType = sourcecode.swift; name = PostsViewController.swift; path = ../PostsViewController.swift; sourceTree = "<group>"; };
		5E127DDC1ED92EA000BC5C9D /* User.swift */ = {isa = PBXFileReference; fileEncoding = 4; lastKnownFileType = sourcecode.swift; path = User.swift; sourceTree = "<group>"; };
		5E1D58431ED91B970055C09D /* ProfilePictureEditorViewController.swift */ = {isa = PBXFileReference; fileEncoding = 4; lastKnownFileType = sourcecode.swift; path = ProfilePictureEditorViewController.swift; sourceTree = "<group>"; };
		5EC637401ED413B7003D67F3 /* PetsTableViewCell.swift */ = {isa = PBXFileReference; fileEncoding = 4; lastKnownFileType = sourcecode.swift; path = PetsTableViewCell.swift; sourceTree = "<group>"; };
		6BA0A4BE051DCD8953020CDD /* Pods-PetWorld.release.xcconfig */ = {isa = PBXFileReference; includeInIndex = 1; lastKnownFileType = text.xcconfig; name = "Pods-PetWorld.release.xcconfig"; path = "Pods/Target Support Files/Pods-PetWorld/Pods-PetWorld.release.xcconfig"; sourceTree = "<group>"; };
		D9B6E87101CC204FDD0CCA3F /* Pods_PetWorld.framework */ = {isa = PBXFileReference; explicitFileType = wrapper.framework; includeInIndex = 0; path = Pods_PetWorld.framework; sourceTree = BUILT_PRODUCTS_DIR; };
/* End PBXFileReference section */

/* Begin PBXFrameworksBuildPhase section */
		1F73AAA91E9C937C00A5C1AD /* Frameworks */ = {
			isa = PBXFrameworksBuildPhase;
			buildActionMask = 2147483647;
			files = (
				0B60A8FD553CBD42FE2C78E9 /* Pods_PetWorld.framework in Frameworks */,
			);
			runOnlyForDeploymentPostprocessing = 0;
		};
		1F73AABD1E9C937D00A5C1AD /* Frameworks */ = {
			isa = PBXFrameworksBuildPhase;
			buildActionMask = 2147483647;
			files = (
			);
			runOnlyForDeploymentPostprocessing = 0;
		};
		1F73AAC81E9C937D00A5C1AD /* Frameworks */ = {
			isa = PBXFrameworksBuildPhase;
			buildActionMask = 2147483647;
			files = (
			);
			runOnlyForDeploymentPostprocessing = 0;
		};
/* End PBXFrameworksBuildPhase section */

/* Begin PBXGroup section */
		05F41BC95F6B0D44AF04ADCC /* Pods */ = {
			isa = PBXGroup;
			children = (
				57FC94EB9F2EA35A528B412B /* Pods-PetWorld.debug.xcconfig */,
				6BA0A4BE051DCD8953020CDD /* Pods-PetWorld.release.xcconfig */,
			);
			name = Pods;
			sourceTree = "<group>";
		};
		1F73AAA31E9C937B00A5C1AD = {
			isa = PBXGroup;
			children = (
				1F73AAAE1E9C937C00A5C1AD /* PetWorld */,
				1F73AAC31E9C937D00A5C1AD /* PetWorldTests */,
				1F73AACE1E9C937D00A5C1AD /* PetWorldUITests */,
				1F73AAAD1E9C937C00A5C1AD /* Products */,
				05F41BC95F6B0D44AF04ADCC /* Pods */,
				BEA0489666F0373EAB2C17FB /* Frameworks */,
			);
			sourceTree = "<group>";
		};
		1F73AAAD1E9C937C00A5C1AD /* Products */ = {
			isa = PBXGroup;
			children = (
				1F73AAAC1E9C937C00A5C1AD /* PetWorld.app */,
				1F73AAC01E9C937D00A5C1AD /* PetWorldTests.xctest */,
				1F73AACB1E9C937D00A5C1AD /* PetWorldUITests.xctest */,
			);
			name = Products;
			sourceTree = "<group>";
		};
		1F73AAAE1E9C937C00A5C1AD /* PetWorld */ = {
			isa = PBXGroup;
			children = (
				1F73AAAF1E9C937C00A5C1AD /* AppDelegate.swift */,
				1F73AADF1E9C93A500A5C1AD /* Model */,
				1F73AADE1E9C939800A5C1AD /* View */,
				1F73AADD1E9C938C00A5C1AD /* View Controllers */,
				1FB386E01EA5BED400FBEB8E /* Podfile */,
				1F73AAB31E9C937C00A5C1AD /* Main.storyboard */,
				1F73AAB61E9C937C00A5C1AD /* Assets.xcassets */,
				1F73AAB81E9C937C00A5C1AD /* LaunchScreen.storyboard */,
				1F73AABB1E9C937C00A5C1AD /* Info.plist */,
			);
			path = PetWorld;
			sourceTree = "<group>";
		};
		1F73AAC31E9C937D00A5C1AD /* PetWorldTests */ = {
			isa = PBXGroup;
			children = (
				1F73AAC41E9C937D00A5C1AD /* PetWorldTests.swift */,
				1F73AAC61E9C937D00A5C1AD /* Info.plist */,
			);
			path = PetWorldTests;
			sourceTree = "<group>";
		};
		1F73AACE1E9C937D00A5C1AD /* PetWorldUITests */ = {
			isa = PBXGroup;
			children = (
				1F73AACF1E9C937D00A5C1AD /* PetWorldUITests.swift */,
				1F73AAD11E9C937D00A5C1AD /* Info.plist */,
			);
			path = PetWorldUITests;
			sourceTree = "<group>";
		};
		1F73AADD1E9C938C00A5C1AD /* View Controllers */ = {
			isa = PBXGroup;
			children = (
				33751ECC1ED93A4B00E60E34 /* Friends View Controllers */,
				1F7D42541ED93B9E00E4B278 /* GalleryViewController.swift */,
				1F15C5351E9C9813005B828B /* HomeViewController.swift */,
				1FB386E21EA5C44000FBEB8E /* LoginViewController.swift */,
				1F7D42561ED93C3400E4B278 /* PhotoCaptureViewController.swift */,
				5E0CF80E1EBE68E70088427A /* PostsViewController.swift */,
				33AB426D1ECBB015007B7BB4 /* PostTableViewCell.swift */,
				5E1D58431ED91B970055C09D /* ProfilePictureEditorViewController.swift */,
				1F15C5331E9C97EC005B828B /* ProfileViewController.swift */,
				1F15C5371E9C98F0005B828B /* SettingsViewController.swift */,
				1FB386E41EA5CEEE00FBEB8E /* SignUpViewController.swift */,
				5EC637401ED413B7003D67F3 /* PetsTableViewCell.swift */,
				1F7D425C1ED9F15E00E4B278 /* VerifyPhotoViewController.swift */,
			);
			name = "View Controllers";
			sourceTree = "<group>";
		};
		1F73AADE1E9C939800A5C1AD /* View */ = {
			isa = PBXGroup;
			children = (
				1F15C5391E9EFFC3005B828B /* ProfileView.swift */,
				1F7D42581ED93CAD00E4B278 /* GalleryItemCellCollectionViewCell.swift */,
			);
			name = View;
			sourceTree = "<group>";
		};
		1F73AADF1E9C93A500A5C1AD /* Model */ = {
			isa = PBXGroup;
			children = (
				1F9FEF9F1ECA02D80009CC06 /* Pet.swift */,
				33AB426F1ECBB031007B7BB4 /* Post.swift */,
				5E127DDC1ED92EA000BC5C9D /* User.swift */,
				33751ED11ED9688B00E60E34 /* Friend.swift */,
			);
			name = Model;
			sourceTree = "<group>";
		};
		33751ECC1ED93A4B00E60E34 /* Friends View Controllers */ = {
			isa = PBXGroup;
			children = (
				33751ECA1ED937AC00E60E34 /* FriendsViewController.swift */,
				33751ECD1ED95BAB00E60E34 /* MyFriendsViewController.swift */,
				33751ECF1ED95BB800E60E34 /* AddFriendViewController.swift */,
				33751ED31ED96B3A00E60E34 /* FriendTableViewCell.swift */,
			);
			name = "Friends View Controllers";
			sourceTree = "<group>";
		};
		BEA0489666F0373EAB2C17FB /* Frameworks */ = {
			isa = PBXGroup;
			children = (
				D9B6E87101CC204FDD0CCA3F /* Pods_PetWorld.framework */,
			);
			name = Frameworks;
			sourceTree = "<group>";
		};
/* End PBXGroup section */

/* Begin PBXNativeTarget section */
		1F73AAAB1E9C937C00A5C1AD /* PetWorld */ = {
			isa = PBXNativeTarget;
			buildConfigurationList = 1F73AAD41E9C937D00A5C1AD /* Build configuration list for PBXNativeTarget "PetWorld" */;
			buildPhases = (
				DE146D0696129FA848B13BB8 /* [CP] Check Pods Manifest.lock */,
				1F73AAA81E9C937C00A5C1AD /* Sources */,
				1F73AAA91E9C937C00A5C1AD /* Frameworks */,
				1F73AAAA1E9C937C00A5C1AD /* Resources */,
				94150534C56A2B5345EE0DEB /* [CP] Embed Pods Frameworks */,
				95066C6FDF78440B70CC2859 /* [CP] Copy Pods Resources */,
			);
			buildRules = (
			);
			dependencies = (
			);
			name = PetWorld;
			productName = PetWorld;
			productReference = 1F73AAAC1E9C937C00A5C1AD /* PetWorld.app */;
			productType = "com.apple.product-type.application";
		};
		1F73AABF1E9C937D00A5C1AD /* PetWorldTests */ = {
			isa = PBXNativeTarget;
			buildConfigurationList = 1F73AAD71E9C937D00A5C1AD /* Build configuration list for PBXNativeTarget "PetWorldTests" */;
			buildPhases = (
				1F73AABC1E9C937D00A5C1AD /* Sources */,
				1F73AABD1E9C937D00A5C1AD /* Frameworks */,
				1F73AABE1E9C937D00A5C1AD /* Resources */,
			);
			buildRules = (
			);
			dependencies = (
				1F73AAC21E9C937D00A5C1AD /* PBXTargetDependency */,
			);
			name = PetWorldTests;
			productName = PetWorldTests;
			productReference = 1F73AAC01E9C937D00A5C1AD /* PetWorldTests.xctest */;
			productType = "com.apple.product-type.bundle.unit-test";
		};
		1F73AACA1E9C937D00A5C1AD /* PetWorldUITests */ = {
			isa = PBXNativeTarget;
			buildConfigurationList = 1F73AADA1E9C937D00A5C1AD /* Build configuration list for PBXNativeTarget "PetWorldUITests" */;
			buildPhases = (
				1F73AAC71E9C937D00A5C1AD /* Sources */,
				1F73AAC81E9C937D00A5C1AD /* Frameworks */,
				1F73AAC91E9C937D00A5C1AD /* Resources */,
			);
			buildRules = (
			);
			dependencies = (
				1F73AACD1E9C937D00A5C1AD /* PBXTargetDependency */,
			);
			name = PetWorldUITests;
			productName = PetWorldUITests;
			productReference = 1F73AACB1E9C937D00A5C1AD /* PetWorldUITests.xctest */;
			productType = "com.apple.product-type.bundle.ui-testing";
		};
/* End PBXNativeTarget section */

/* Begin PBXProject section */
		1F73AAA41E9C937B00A5C1AD /* Project object */ = {
			isa = PBXProject;
			attributes = {
				LastSwiftUpdateCheck = 0820;
				LastUpgradeCheck = 0820;
				ORGANIZATIONNAME = GangsterSwagMuffins;
				TargetAttributes = {
					1F73AAAB1E9C937C00A5C1AD = {
						CreatedOnToolsVersion = 8.2;
						DevelopmentTeam = SC45B5UP34;
						ProvisioningStyle = Automatic;
					};
					1F73AABF1E9C937D00A5C1AD = {
						CreatedOnToolsVersion = 8.2;
						ProvisioningStyle = Automatic;
						TestTargetID = 1F73AAAB1E9C937C00A5C1AD;
					};
					1F73AACA1E9C937D00A5C1AD = {
						CreatedOnToolsVersion = 8.2;
						ProvisioningStyle = Automatic;
						TestTargetID = 1F73AAAB1E9C937C00A5C1AD;
					};
				};
			};
			buildConfigurationList = 1F73AAA71E9C937B00A5C1AD /* Build configuration list for PBXProject "PetWorld" */;
			compatibilityVersion = "Xcode 3.2";
			developmentRegion = English;
			hasScannedForEncodings = 0;
			knownRegions = (
				en,
				Base,
			);
			mainGroup = 1F73AAA31E9C937B00A5C1AD;
			productRefGroup = 1F73AAAD1E9C937C00A5C1AD /* Products */;
			projectDirPath = "";
			projectRoot = "";
			targets = (
				1F73AAAB1E9C937C00A5C1AD /* PetWorld */,
				1F73AABF1E9C937D00A5C1AD /* PetWorldTests */,
				1F73AACA1E9C937D00A5C1AD /* PetWorldUITests */,
			);
		};
/* End PBXProject section */

/* Begin PBXResourcesBuildPhase section */
		1F73AAAA1E9C937C00A5C1AD /* Resources */ = {
			isa = PBXResourcesBuildPhase;
			buildActionMask = 2147483647;
			files = (
				1F73AABA1E9C937C00A5C1AD /* LaunchScreen.storyboard in Resources */,
				1F73AAB71E9C937C00A5C1AD /* Assets.xcassets in Resources */,
				1FB386E11EA5BED400FBEB8E /* Podfile in Resources */,
				1F73AAB51E9C937C00A5C1AD /* Main.storyboard in Resources */,
			);
			runOnlyForDeploymentPostprocessing = 0;
		};
		1F73AABE1E9C937D00A5C1AD /* Resources */ = {
			isa = PBXResourcesBuildPhase;
			buildActionMask = 2147483647;
			files = (
			);
			runOnlyForDeploymentPostprocessing = 0;
		};
		1F73AAC91E9C937D00A5C1AD /* Resources */ = {
			isa = PBXResourcesBuildPhase;
			buildActionMask = 2147483647;
			files = (
			);
			runOnlyForDeploymentPostprocessing = 0;
		};
/* End PBXResourcesBuildPhase section */

/* Begin PBXShellScriptBuildPhase section */
		94150534C56A2B5345EE0DEB /* [CP] Embed Pods Frameworks */ = {
			isa = PBXShellScriptBuildPhase;
			buildActionMask = 2147483647;
			files = (
			);
			inputPaths = (
			);
			name = "[CP] Embed Pods Frameworks";
			outputPaths = (
			);
			runOnlyForDeploymentPostprocessing = 0;
			shellPath = /bin/sh;
			shellScript = "\"${SRCROOT}/Pods/Target Support Files/Pods-PetWorld/Pods-PetWorld-frameworks.sh\"\n";
			showEnvVarsInLog = 0;
		};
		95066C6FDF78440B70CC2859 /* [CP] Copy Pods Resources */ = {
			isa = PBXShellScriptBuildPhase;
			buildActionMask = 2147483647;
			files = (
			);
			inputPaths = (
			);
			name = "[CP] Copy Pods Resources";
			outputPaths = (
			);
			runOnlyForDeploymentPostprocessing = 0;
			shellPath = /bin/sh;
			shellScript = "\"${SRCROOT}/Pods/Target Support Files/Pods-PetWorld/Pods-PetWorld-resources.sh\"\n";
			showEnvVarsInLog = 0;
		};
		DE146D0696129FA848B13BB8 /* [CP] Check Pods Manifest.lock */ = {
			isa = PBXShellScriptBuildPhase;
			buildActionMask = 2147483647;
			files = (
			);
			inputPaths = (
			);
			name = "[CP] Check Pods Manifest.lock";
			outputPaths = (
			);
			runOnlyForDeploymentPostprocessing = 0;
			shellPath = /bin/sh;
			shellScript = "diff \"${PODS_PODFILE_DIR_PATH}/Podfile.lock\" \"${PODS_ROOT}/Manifest.lock\" > /dev/null\nif [ $? != 0 ] ; then\n    # print error to STDERR\n    echo \"error: The sandbox is not in sync with the Podfile.lock. Run 'pod install' or update your CocoaPods installation.\" >&2\n    exit 1\nfi\n";
			showEnvVarsInLog = 0;
		};
/* End PBXShellScriptBuildPhase section */

/* Begin PBXSourcesBuildPhase section */
		1F73AAA81E9C937C00A5C1AD /* Sources */ = {
			isa = PBXSourcesBuildPhase;
			buildActionMask = 2147483647;
			files = (
				1FB386E31EA5C44000FBEB8E /* LoginViewController.swift in Sources */,
				1F7D425D1ED9F15E00E4B278 /* VerifyPhotoViewController.swift in Sources */,
				33751ECB1ED937AC00E60E34 /* FriendsViewController.swift in Sources */,
				33AB42701ECBB031007B7BB4 /* Post.swift in Sources */,
				1FB386E51EA5CEEE00FBEB8E /* SignUpViewController.swift in Sources */,
				1F15C5341E9C97EC005B828B /* ProfileViewController.swift in Sources */,
				1F7D42551ED93B9E00E4B278 /* GalleryViewController.swift in Sources */,
				1F73AAB01E9C937C00A5C1AD /* AppDelegate.swift in Sources */,
				5EC637411ED413B7003D67F3 /* PetsTableViewCell.swift in Sources */,
				33751ECE1ED95BAB00E60E34 /* MyFriendsViewController.swift in Sources */,
				5E127DDD1ED92EA000BC5C9D /* User.swift in Sources */,
				5E0CF80F1EBE68E70088427A /* PostsViewController.swift in Sources */,
				1F7D42571ED93C3400E4B278 /* PhotoCaptureViewController.swift in Sources */,
				33751ED01ED95BB800E60E34 /* AddFriendViewController.swift in Sources */,
				1F15C53A1E9EFFC3005B828B /* ProfileView.swift in Sources */,
				1F7D42591ED93CAD00E4B278 /* GalleryItemCellCollectionViewCell.swift in Sources */,
				33751ED41ED96B3A00E60E34 /* FriendTableViewCell.swift in Sources */,
				33751ED21ED9688B00E60E34 /* Friend.swift in Sources */,
				1F9FEFA01ECA02D80009CC06 /* Pet.swift in Sources */,
				33AB426E1ECBB015007B7BB4 /* PostTableViewCell.swift in Sources */,
				1F15C5361E9C9813005B828B /* HomeViewController.swift in Sources */,
				5E1D58441ED91B970055C09D /* ProfilePictureEditorViewController.swift in Sources */,
				1F15C5381E9C98F0005B828B /* SettingsViewController.swift in Sources */,
			);
			runOnlyForDeploymentPostprocessing = 0;
		};
		1F73AABC1E9C937D00A5C1AD /* Sources */ = {
			isa = PBXSourcesBuildPhase;
			buildActionMask = 2147483647;
			files = (
				1F73AAC51E9C937D00A5C1AD /* PetWorldTests.swift in Sources */,
			);
			runOnlyForDeploymentPostprocessing = 0;
		};
		1F73AAC71E9C937D00A5C1AD /* Sources */ = {
			isa = PBXSourcesBuildPhase;
			buildActionMask = 2147483647;
			files = (
				1F73AAD01E9C937D00A5C1AD /* PetWorldUITests.swift in Sources */,
			);
			runOnlyForDeploymentPostprocessing = 0;
		};
/* End PBXSourcesBuildPhase section */

/* Begin PBXTargetDependency section */
		1F73AAC21E9C937D00A5C1AD /* PBXTargetDependency */ = {
			isa = PBXTargetDependency;
			target = 1F73AAAB1E9C937C00A5C1AD /* PetWorld */;
			targetProxy = 1F73AAC11E9C937D00A5C1AD /* PBXContainerItemProxy */;
		};
		1F73AACD1E9C937D00A5C1AD /* PBXTargetDependency */ = {
			isa = PBXTargetDependency;
			target = 1F73AAAB1E9C937C00A5C1AD /* PetWorld */;
			targetProxy = 1F73AACC1E9C937D00A5C1AD /* PBXContainerItemProxy */;
		};
/* End PBXTargetDependency section */

/* Begin PBXVariantGroup section */
		1F73AAB31E9C937C00A5C1AD /* Main.storyboard */ = {
			isa = PBXVariantGroup;
			children = (
				1F73AAB41E9C937C00A5C1AD /* Base */,
			);
			name = Main.storyboard;
			sourceTree = "<group>";
		};
		1F73AAB81E9C937C00A5C1AD /* LaunchScreen.storyboard */ = {
			isa = PBXVariantGroup;
			children = (
				1F73AAB91E9C937C00A5C1AD /* Base */,
			);
			name = LaunchScreen.storyboard;
			sourceTree = "<group>";
		};
/* End PBXVariantGroup section */

/* Begin XCBuildConfiguration section */
		1F73AAD21E9C937D00A5C1AD /* Debug */ = {
			isa = XCBuildConfiguration;
			buildSettings = {
				ALWAYS_SEARCH_USER_PATHS = NO;
				CLANG_ANALYZER_NONNULL = YES;
				CLANG_CXX_LANGUAGE_STANDARD = "gnu++0x";
				CLANG_CXX_LIBRARY = "libc++";
				CLANG_ENABLE_MODULES = YES;
				CLANG_ENABLE_OBJC_ARC = YES;
				CLANG_WARN_BOOL_CONVERSION = YES;
				CLANG_WARN_CONSTANT_CONVERSION = YES;
				CLANG_WARN_DIRECT_OBJC_ISA_USAGE = YES_ERROR;
				CLANG_WARN_DOCUMENTATION_COMMENTS = YES;
				CLANG_WARN_EMPTY_BODY = YES;
				CLANG_WARN_ENUM_CONVERSION = YES;
				CLANG_WARN_INFINITE_RECURSION = YES;
				CLANG_WARN_INT_CONVERSION = YES;
				CLANG_WARN_OBJC_ROOT_CLASS = YES_ERROR;
				CLANG_WARN_SUSPICIOUS_MOVE = YES;
				CLANG_WARN_UNREACHABLE_CODE = YES;
				CLANG_WARN__DUPLICATE_METHOD_MATCH = YES;
				"CODE_SIGN_IDENTITY[sdk=iphoneos*]" = "iPhone Developer";
				COPY_PHASE_STRIP = NO;
				DEBUG_INFORMATION_FORMAT = dwarf;
				ENABLE_STRICT_OBJC_MSGSEND = YES;
				ENABLE_TESTABILITY = YES;
				GCC_C_LANGUAGE_STANDARD = gnu99;
				GCC_DYNAMIC_NO_PIC = NO;
				GCC_NO_COMMON_BLOCKS = YES;
				GCC_OPTIMIZATION_LEVEL = 0;
				GCC_PREPROCESSOR_DEFINITIONS = (
					"DEBUG=1",
					"$(inherited)",
				);
				GCC_WARN_64_TO_32_BIT_CONVERSION = YES;
				GCC_WARN_ABOUT_RETURN_TYPE = YES_ERROR;
				GCC_WARN_UNDECLARED_SELECTOR = YES;
				GCC_WARN_UNINITIALIZED_AUTOS = YES_AGGRESSIVE;
				GCC_WARN_UNUSED_FUNCTION = YES;
				GCC_WARN_UNUSED_VARIABLE = YES;
				IPHONEOS_DEPLOYMENT_TARGET = 10.2;
				MTL_ENABLE_DEBUG_INFO = YES;
				ONLY_ACTIVE_ARCH = YES;
				SDKROOT = iphoneos;
				SWIFT_ACTIVE_COMPILATION_CONDITIONS = DEBUG;
				SWIFT_OPTIMIZATION_LEVEL = "-Onone";
			};
			name = Debug;
		};
		1F73AAD31E9C937D00A5C1AD /* Release */ = {
			isa = XCBuildConfiguration;
			buildSettings = {
				ALWAYS_SEARCH_USER_PATHS = NO;
				CLANG_ANALYZER_NONNULL = YES;
				CLANG_CXX_LANGUAGE_STANDARD = "gnu++0x";
				CLANG_CXX_LIBRARY = "libc++";
				CLANG_ENABLE_MODULES = YES;
				CLANG_ENABLE_OBJC_ARC = YES;
				CLANG_WARN_BOOL_CONVERSION = YES;
				CLANG_WARN_CONSTANT_CONVERSION = YES;
				CLANG_WARN_DIRECT_OBJC_ISA_USAGE = YES_ERROR;
				CLANG_WARN_DOCUMENTATION_COMMENTS = YES;
				CLANG_WARN_EMPTY_BODY = YES;
				CLANG_WARN_ENUM_CONVERSION = YES;
				CLANG_WARN_INFINITE_RECURSION = YES;
				CLANG_WARN_INT_CONVERSION = YES;
				CLANG_WARN_OBJC_ROOT_CLASS = YES_ERROR;
				CLANG_WARN_SUSPICIOUS_MOVE = YES;
				CLANG_WARN_UNREACHABLE_CODE = YES;
				CLANG_WARN__DUPLICATE_METHOD_MATCH = YES;
				"CODE_SIGN_IDENTITY[sdk=iphoneos*]" = "iPhone Developer";
				COPY_PHASE_STRIP = NO;
				DEBUG_INFORMATION_FORMAT = "dwarf-with-dsym";
				ENABLE_NS_ASSERTIONS = NO;
				ENABLE_STRICT_OBJC_MSGSEND = YES;
				GCC_C_LANGUAGE_STANDARD = gnu99;
				GCC_NO_COMMON_BLOCKS = YES;
				GCC_WARN_64_TO_32_BIT_CONVERSION = YES;
				GCC_WARN_ABOUT_RETURN_TYPE = YES_ERROR;
				GCC_WARN_UNDECLARED_SELECTOR = YES;
				GCC_WARN_UNINITIALIZED_AUTOS = YES_AGGRESSIVE;
				GCC_WARN_UNUSED_FUNCTION = YES;
				GCC_WARN_UNUSED_VARIABLE = YES;
				IPHONEOS_DEPLOYMENT_TARGET = 10.2;
				MTL_ENABLE_DEBUG_INFO = NO;
				SDKROOT = iphoneos;
				SWIFT_OPTIMIZATION_LEVEL = "-Owholemodule";
				VALIDATE_PRODUCT = YES;
			};
			name = Release;
		};
		1F73AAD51E9C937D00A5C1AD /* Debug */ = {
			isa = XCBuildConfiguration;
			baseConfigurationReference = 57FC94EB9F2EA35A528B412B /* Pods-PetWorld.debug.xcconfig */;
			buildSettings = {
				ASSETCATALOG_COMPILER_APPICON_NAME = AppIcon;
				DEVELOPMENT_TEAM = SC45B5UP34;
				INFOPLIST_FILE = PetWorld/Info.plist;
				IPHONEOS_DEPLOYMENT_TARGET = 10.2;
				LD_RUNPATH_SEARCH_PATHS = "$(inherited) @executable_path/Frameworks";
				PRODUCT_BUNDLE_IDENTIFIER = com.gangsterswagmuffins.Petstagram;
				PRODUCT_NAME = "$(TARGET_NAME)";
				SWIFT_VERSION = 3.0;
				TARGETED_DEVICE_FAMILY = 1;
			};
			name = Debug;
		};
		1F73AAD61E9C937D00A5C1AD /* Release */ = {
			isa = XCBuildConfiguration;
			baseConfigurationReference = 6BA0A4BE051DCD8953020CDD /* Pods-PetWorld.release.xcconfig */;
			buildSettings = {
				ASSETCATALOG_COMPILER_APPICON_NAME = AppIcon;
				DEVELOPMENT_TEAM = SC45B5UP34;
				INFOPLIST_FILE = PetWorld/Info.plist;
				IPHONEOS_DEPLOYMENT_TARGET = 10.2;
				LD_RUNPATH_SEARCH_PATHS = "$(inherited) @executable_path/Frameworks";
				PRODUCT_BUNDLE_IDENTIFIER = com.gangsterswagmuffins.Petstagram;
				PRODUCT_NAME = "$(TARGET_NAME)";
				SWIFT_VERSION = 3.0;
				TARGETED_DEVICE_FAMILY = 1;
			};
			name = Release;
		};
		1F73AAD81E9C937D00A5C1AD /* Debug */ = {
			isa = XCBuildConfiguration;
			buildSettings = {
				ALWAYS_EMBED_SWIFT_STANDARD_LIBRARIES = YES;
				BUNDLE_LOADER = "$(TEST_HOST)";
				INFOPLIST_FILE = PetWorldTests/Info.plist;
				LD_RUNPATH_SEARCH_PATHS = "$(inherited) @executable_path/Frameworks @loader_path/Frameworks";
				PRODUCT_BUNDLE_IDENTIFIER = com.gangsterswagmuffins.PetWorldTests;
				PRODUCT_NAME = "$(TARGET_NAME)";
				SWIFT_VERSION = 3.0;
				TEST_HOST = "$(BUILT_PRODUCTS_DIR)/PetWorld.app/PetWorld";
			};
			name = Debug;
		};
		1F73AAD91E9C937D00A5C1AD /* Release */ = {
			isa = XCBuildConfiguration;
			buildSettings = {
				ALWAYS_EMBED_SWIFT_STANDARD_LIBRARIES = YES;
				BUNDLE_LOADER = "$(TEST_HOST)";
				INFOPLIST_FILE = PetWorldTests/Info.plist;
				LD_RUNPATH_SEARCH_PATHS = "$(inherited) @executable_path/Frameworks @loader_path/Frameworks";
				PRODUCT_BUNDLE_IDENTIFIER = com.gangsterswagmuffins.PetWorldTests;
				PRODUCT_NAME = "$(TARGET_NAME)";
				SWIFT_VERSION = 3.0;
				TEST_HOST = "$(BUILT_PRODUCTS_DIR)/PetWorld.app/PetWorld";
			};
			name = Release;
		};
		1F73AADB1E9C937D00A5C1AD /* Debug */ = {
			isa = XCBuildConfiguration;
			buildSettings = {
				ALWAYS_EMBED_SWIFT_STANDARD_LIBRARIES = YES;
				INFOPLIST_FILE = PetWorldUITests/Info.plist;
				LD_RUNPATH_SEARCH_PATHS = "$(inherited) @executable_path/Frameworks @loader_path/Frameworks";
				PRODUCT_BUNDLE_IDENTIFIER = com.gangsterswagmuffins.PetWorldUITests;
				PRODUCT_NAME = "$(TARGET_NAME)";
				SWIFT_VERSION = 3.0;
				TEST_TARGET_NAME = PetWorld;
			};
			name = Debug;
		};
		1F73AADC1E9C937D00A5C1AD /* Release */ = {
			isa = XCBuildConfiguration;
			buildSettings = {
				ALWAYS_EMBED_SWIFT_STANDARD_LIBRARIES = YES;
				INFOPLIST_FILE = PetWorldUITests/Info.plist;
				LD_RUNPATH_SEARCH_PATHS = "$(inherited) @executable_path/Frameworks @loader_path/Frameworks";
				PRODUCT_BUNDLE_IDENTIFIER = com.gangsterswagmuffins.PetWorldUITests;
				PRODUCT_NAME = "$(TARGET_NAME)";
				SWIFT_VERSION = 3.0;
				TEST_TARGET_NAME = PetWorld;
			};
			name = Release;
		};
/* End XCBuildConfiguration section */

/* Begin XCConfigurationList section */
		1F73AAA71E9C937B00A5C1AD /* Build configuration list for PBXProject "PetWorld" */ = {
			isa = XCConfigurationList;
			buildConfigurations = (
				1F73AAD21E9C937D00A5C1AD /* Debug */,
				1F73AAD31E9C937D00A5C1AD /* Release */,
			);
			defaultConfigurationIsVisible = 0;
			defaultConfigurationName = Release;
		};
		1F73AAD41E9C937D00A5C1AD /* Build configuration list for PBXNativeTarget "PetWorld" */ = {
			isa = XCConfigurationList;
			buildConfigurations = (
				1F73AAD51E9C937D00A5C1AD /* Debug */,
				1F73AAD61E9C937D00A5C1AD /* Release */,
			);
			defaultConfigurationIsVisible = 0;
			defaultConfigurationName = Release;
		};
		1F73AAD71E9C937D00A5C1AD /* Build configuration list for PBXNativeTarget "PetWorldTests" */ = {
			isa = XCConfigurationList;
			buildConfigurations = (
				1F73AAD81E9C937D00A5C1AD /* Debug */,
				1F73AAD91E9C937D00A5C1AD /* Release */,
			);
			defaultConfigurationIsVisible = 0;
			defaultConfigurationName = Release;
		};
		1F73AADA1E9C937D00A5C1AD /* Build configuration list for PBXNativeTarget "PetWorldUITests" */ = {
			isa = XCConfigurationList;
			buildConfigurations = (
				1F73AADB1E9C937D00A5C1AD /* Debug */,
				1F73AADC1E9C937D00A5C1AD /* Release */,
			);
			defaultConfigurationIsVisible = 0;
			defaultConfigurationName = Release;
		};
/* End XCConfigurationList section */
	};
	rootObject = 1F73AAA41E9C937B00A5C1AD /* Project object */;
}
